
Microsoft Visual Studio Solution File, Format Version 12.00
# Visual Studio Version 17
VisualStudioVersion = 17.10.35013.160
MinimumVisualStudioVersion = 10.0.40219.1
Project("{FAE04EC0-301F-11D3-BF4B-00C04F79EFBC}") = "CURDwithCqrsandRepository", "CURDwithCqrsandRepository\CURDwithCqrsandRepository.csproj", "{2270D4E6-2D84-4063-A899-E29AE3AAF8EC}"
EndProject
Project("{FAE04EC0-301F-11D3-BF4B-00C04F79EFBC}") = "CURDwithCqrsandRepository.Core", "CURDwithCqrsandRepository.Core\CURDwithCqrsandRepository.Core.csproj", "{1F719FC1-C9AF-4820-AC76-EA691136461C}"
EndProject
Global
	GlobalSection(SolutionConfigurationPlatforms) = preSolution
		Debug|Any CPU = Debug|Any CPU
		Release|Any CPU = Release|Any CPU
	EndGlobalSection
	GlobalSection(ProjectConfigurationPlatforms) = postSolution
		{2270D4E6-2D84-4063-A899-E29AE3AAF8EC}.Debug|Any CPU.ActiveCfg = Debug|Any CPU
		{2270D4E6-2D84-4063-A899-E29AE3AAF8EC}.Debug|Any CPU.Build.0 = Debug|Any CPU
		{2270D4E6-2D84-4063-A899-E29AE3AAF8EC}.Release|Any CPU.ActiveCfg = Release|Any CPU
		{2270D4E6-2D84-4063-A899-E29AE3AAF8EC}.Release|Any CPU.Build.0 = Release|Any CPU
		{1F719FC1-C9AF-4820-AC76-EA691136461C}.Debug|Any CPU.ActiveCfg = Debug|Any CPU
		{1F719FC1-C9AF-4820-AC76-EA691136461C}.Debug|Any CPU.Build.0 = Debug|Any CPU
		{1F719FC1-C9AF-4820-AC76-EA691136461C}.Release|Any CPU.ActiveCfg = Release|Any CPU
		{1F719FC1-C9AF-4820-AC76-EA691136461C}.Release|Any CPU.Build.0 = Release|Any CPU
	EndGlobalSection
	GlobalSection(SolutionProperties) = preSolution
		HideSolutionNode = FALSE
	EndGlobalSection
	GlobalSection(ExtensibilityGlobals) = postSolution
		SolutionGuid = {9F64D1F1-6890-470F-B641-DAEBCF5A8029}
	EndGlobalSection
EndGlobal
